---
#
# Simple Playbook to setup motd on Linux machine
#

- name: Setup motd
  hosts: all
  become: yes
  vars_files:
    - vars/main.yml

  tasks:
    - name: Include Role and Handle Error
      block:
        - name: Include Role
          include_role:
            name: setup_motd

        - name: POST success
          debug:
            msg: "Do HTTP POST with data for Task: {{task_id}} for Success Cases"
      rescue:
# This should handle single Endpoint case
# The Role: handle_job_events can be used here to get failed event data
        - name: POST failure
          debug:
            msg: "Do HTTP POST with data for Task: {{task_id}} for Failure Cases"

# This should handle multiple Endpoints case
- name: Get Job Events
  hosts: localhost

  tasks:
    - name: Include handle_job_events Role
      include_role:
        name: handle_job_events
